
Microsoft Visual Studio Solution File, Format Version 12.00
# Visual Studio 14
VisualStudioVersion = 14.0.23107.0
MinimumVisualStudioVersion = 10.0.40219.1
Project("{FAE04EC0-301F-11D3-BF4B-00C04F79EFBC}") = "VendingMachine", "VendingMachine\VendingMachine.csproj", "{E85B08E3-96A2-4C94-9E10-31D07E6BF9D1}"
EndProject
Project("{FAE04EC0-301F-11D3-BF4B-00C04F79EFBC}") = "VendingMachine.Tests", "VendingMachine.Tests\VendingMachine.Tests.csproj", "{6863B511-8388-4497-A9A5-49C923AF0A42}"
EndProject
Global
	GlobalSection(SolutionConfigurationPlatforms) = preSolution
		Debug|Any CPU = Debug|Any CPU
		Release|Any CPU = Release|Any CPU
	EndGlobalSection
	GlobalSection(ProjectConfigurationPlatforms) = postSolution
		{E85B08E3-96A2-4C94-9E10-31D07E6BF9D1}.Debug|Any CPU.ActiveCfg = Debug|Any CPU
		{E85B08E3-96A2-4C94-9E10-31D07E6BF9D1}.Debug|Any CPU.Build.0 = Debug|Any CPU
		{E85B08E3-96A2-4C94-9E10-31D07E6BF9D1}.Release|Any CPU.ActiveCfg = Release|Any CPU
		{E85B08E3-96A2-4C94-9E10-31D07E6BF9D1}.Release|Any CPU.Build.0 = Release|Any CPU
		{6863B511-8388-4497-A9A5-49C923AF0A42}.Debug|Any CPU.ActiveCfg = Debug|Any CPU
		{6863B511-8388-4497-A9A5-49C923AF0A42}.Debug|Any CPU.Build.0 = Debug|Any CPU
		{6863B511-8388-4497-A9A5-49C923AF0A42}.Release|Any CPU.ActiveCfg = Release|Any CPU
		{6863B511-8388-4497-A9A5-49C923AF0A42}.Release|Any CPU.Build.0 = Release|Any CPU
	EndGlobalSection
	GlobalSection(SolutionProperties) = preSolution
		HideSolutionNode = FALSE
	EndGlobalSection
EndGlobal
